
Microsoft Visual Studio Solution File, Format Version 12.00
# Visual Studio 2013
VisualStudioVersion = 12.0.31101.0
MinimumVisualStudioVersion = 10.0.40219.1
Project("{FAE04EC0-301F-11D3-BF4B-00C04F79EFBC}") = "BluetoothBear", "BluetoothBear\BluetoothBear.csproj", "{67F9D3A8-F71E-4428-913F-C37AE82CDB24}"
EndProject
Project("{FAE04EC0-301F-11D3-BF4B-00C04F79EFBC}") = "BluetoothBearAndroid", "BluetoothBearAndroid\BluetoothBearAndroid.csproj", "{236F1D9F-6138-456E-9059-55770E761DD9}"
EndProject
Project("{FAE04EC0-301F-11D3-BF4B-00C04F79EFBC}") = "BluetoothBear_iOS", "BluetoothBear_iOS\BluetoothBear_iOS.csproj", "{1BFE9684-BBB7-4319-B172-7943E5C39971}"
EndProject
Global
	GlobalSection(SolutionConfigurationPlatforms) = preSolution
		Ad-Hoc|Any CPU = Ad-Hoc|Any CPU
		Ad-Hoc|iPhone = Ad-Hoc|iPhone
		Ad-Hoc|iPhoneSimulator = Ad-Hoc|iPhoneSimulator
		Ad-Hoc|Mixed Platforms = Ad-Hoc|Mixed Platforms
		AppStore|Any CPU = AppStore|Any CPU
		AppStore|iPhone = AppStore|iPhone
		AppStore|iPhoneSimulator = AppStore|iPhoneSimulator
		AppStore|Mixed Platforms = AppStore|Mixed Platforms
		Debug|Any CPU = Debug|Any CPU
		Debug|iPhone = Debug|iPhone
		Debug|iPhoneSimulator = Debug|iPhoneSimulator
		Debug|Mixed Platforms = Debug|Mixed Platforms
		Release|Any CPU = Release|Any CPU
		Release|iPhone = Release|iPhone
		Release|iPhoneSimulator = Release|iPhoneSimulator
		Release|Mixed Platforms = Release|Mixed Platforms
	EndGlobalSection
	GlobalSection(ProjectConfigurationPlatforms) = postSolution
		{67F9D3A8-F71E-4428-913F-C37AE82CDB24}.Ad-Hoc|Any CPU.ActiveCfg = Release|Any CPU
		{67F9D3A8-F71E-4428-913F-C37AE82CDB24}.Ad-Hoc|Any CPU.Build.0 = Release|Any CPU
		{67F9D3A8-F71E-4428-913F-C37AE82CDB24}.Ad-Hoc|iPhone.ActiveCfg = Release|Any CPU
		{67F9D3A8-F71E-4428-913F-C37AE82CDB24}.Ad-Hoc|iPhoneSimulator.ActiveCfg = Release|Any CPU
		{67F9D3A8-F71E-4428-913F-C37AE82CDB24}.Ad-Hoc|Mixed Platforms.ActiveCfg = Release|Any CPU
		{67F9D3A8-F71E-4428-913F-C37AE82CDB24}.Ad-Hoc|Mixed Platforms.Build.0 = Release|Any CPU
		{67F9D3A8-F71E-4428-913F-C37AE82CDB24}.AppStore|Any CPU.ActiveCfg = Release|Any CPU
		{67F9D3A8-F71E-4428-913F-C37AE82CDB24}.AppStore|Any CPU.Build.0 = Release|Any CPU
		{67F9D3A8-F71E-4428-913F-C37AE82CDB24}.AppStore|iPhone.ActiveCfg = Release|Any CPU
		{67F9D3A8-F71E-4428-913F-C37AE82CDB24}.AppStore|iPhoneSimulator.ActiveCfg = Release|Any CPU
		{67F9D3A8-F71E-4428-913F-C37AE82CDB24}.AppStore|Mixed Platforms.ActiveCfg = Release|Any CPU
		{67F9D3A8-F71E-4428-913F-C37AE82CDB24}.AppStore|Mixed Platforms.Build.0 = Release|Any CPU
		{67F9D3A8-F71E-4428-913F-C37AE82CDB24}.Debug|Any CPU.ActiveCfg = Debug|Any CPU
		{67F9D3A8-F71E-4428-913F-C37AE82CDB24}.Debug|Any CPU.Build.0 = Debug|Any CPU
		{67F9D3A8-F71E-4428-913F-C37AE82CDB24}.Debug|iPhone.ActiveCfg = Debug|Any CPU
		{67F9D3A8-F71E-4428-913F-C37AE82CDB24}.Debug|iPhone.Build.0 = Debug|Any CPU
		{67F9D3A8-F71E-4428-913F-C37AE82CDB24}.Debug|iPhoneSimulator.ActiveCfg = Debug|Any CPU
		{67F9D3A8-F71E-4428-913F-C37AE82CDB24}.Debug|Mixed Platforms.ActiveCfg = Debug|Any CPU
		{67F9D3A8-F71E-4428-913F-C37AE82CDB24}.Debug|Mixed Platforms.Build.0 = Debug|Any CPU
		{67F9D3A8-F71E-4428-913F-C37AE82CDB24}.Release|Any CPU.ActiveCfg = Release|Any CPU
		{67F9D3A8-F71E-4428-913F-C37AE82CDB24}.Release|Any CPU.Build.0 = Release|Any CPU
		{67F9D3A8-F71E-4428-913F-C37AE82CDB24}.Release|iPhone.ActiveCfg = Release|Any CPU
		{67F9D3A8-F71E-4428-913F-C37AE82CDB24}.Release|iPhone.Build.0 = Release|Any CPU
		{67F9D3A8-F71E-4428-913F-C37AE82CDB24}.Release|iPhoneSimulator.ActiveCfg = Release|Any CPU
		{67F9D3A8-F71E-4428-913F-C37AE82CDB24}.Release|Mixed Platforms.ActiveCfg = Release|Any CPU
		{67F9D3A8-F71E-4428-913F-C37AE82CDB24}.Release|Mixed Platforms.Build.0 = Release|Any CPU
		{236F1D9F-6138-456E-9059-55770E761DD9}.Ad-Hoc|Any CPU.ActiveCfg = Release|Any CPU
		{236F1D9F-6138-456E-9059-55770E761DD9}.Ad-Hoc|Any CPU.Build.0 = Release|Any CPU
		{236F1D9F-6138-456E-9059-55770E761DD9}.Ad-Hoc|iPhone.ActiveCfg = Release|Any CPU
		{236F1D9F-6138-456E-9059-55770E761DD9}.Ad-Hoc|iPhoneSimulator.ActiveCfg = Release|Any CPU
		{236F1D9F-6138-456E-9059-55770E761DD9}.Ad-Hoc|Mixed Platforms.ActiveCfg = Release|Any CPU
		{236F1D9F-6138-456E-9059-55770E761DD9}.Ad-Hoc|Mixed Platforms.Build.0 = Release|Any CPU
		{236F1D9F-6138-456E-9059-55770E761DD9}.AppStore|Any CPU.ActiveCfg = Release|Any CPU
		{236F1D9F-6138-456E-9059-55770E761DD9}.AppStore|Any CPU.Build.0 = Release|Any CPU
		{236F1D9F-6138-456E-9059-55770E761DD9}.AppStore|iPhone.ActiveCfg = Release|Any CPU
		{236F1D9F-6138-456E-9059-55770E761DD9}.AppStore|iPhoneSimulator.ActiveCfg = Release|Any CPU
		{236F1D9F-6138-456E-9059-55770E761DD9}.AppStore|Mixed Platforms.ActiveCfg = Release|Any CPU
		{236F1D9F-6138-456E-9059-55770E761DD9}.AppStore|Mixed Platforms.Build.0 = Release|Any CPU
		{236F1D9F-6138-456E-9059-55770E761DD9}.Debug|Any CPU.ActiveCfg = Debug|Any CPU
		{236F1D9F-6138-456E-9059-55770E761DD9}.Debug|Any CPU.Build.0 = Debug|Any CPU
		{236F1D9F-6138-456E-9059-55770E761DD9}.Debug|iPhone.ActiveCfg = Debug|Any CPU
		{236F1D9F-6138-456E-9059-55770E761DD9}.Debug|iPhoneSimulator.ActiveCfg = Debug|Any CPU
		{236F1D9F-6138-456E-9059-55770E761DD9}.Debug|Mixed Platforms.ActiveCfg = Debug|Any CPU
		{236F1D9F-6138-456E-9059-55770E761DD9}.Debug|Mixed Platforms.Build.0 = Debug|Any CPU
		{236F1D9F-6138-456E-9059-55770E761DD9}.Release|Any CPU.ActiveCfg = Release|Any CPU
		{236F1D9F-6138-456E-9059-55770E761DD9}.Release|Any CPU.Build.0 = Release|Any CPU
		{236F1D9F-6138-456E-9059-55770E761DD9}.Release|iPhone.ActiveCfg = Release|Any CPU
		{236F1D9F-6138-456E-9059-55770E761DD9}.Release|iPhoneSimulator.ActiveCfg = Release|Any CPU
		{236F1D9F-6138-456E-9059-55770E761DD9}.Release|Mixed Platforms.ActiveCfg = Release|Any CPU
		{236F1D9F-6138-456E-9059-55770E761DD9}.Release|Mixed Platforms.Build.0 = Release|Any CPU
		{1BFE9684-BBB7-4319-B172-7943E5C39971}.Ad-Hoc|Any CPU.ActiveCfg = Release|Any CPU
		{1BFE9684-BBB7-4319-B172-7943E5C39971}.Ad-Hoc|Any CPU.Build.0 = Release|Any CPU
		{1BFE9684-BBB7-4319-B172-7943E5C39971}.Ad-Hoc|iPhone.ActiveCfg = Release|Any CPU
		{1BFE9684-BBB7-4319-B172-7943E5C39971}.Ad-Hoc|iPhoneSimulator.ActiveCfg = Release|Any CPU
		{1BFE9684-BBB7-4319-B172-7943E5C39971}.Ad-Hoc|Mixed Platforms.ActiveCfg = Release|Any CPU
		{1BFE9684-BBB7-4319-B172-7943E5C39971}.Ad-Hoc|Mixed Platforms.Build.0 = Release|Any CPU
		{1BFE9684-BBB7-4319-B172-7943E5C39971}.AppStore|Any CPU.ActiveCfg = Release|Any CPU
		{1BFE9684-BBB7-4319-B172-7943E5C39971}.AppStore|Any CPU.Build.0 = Release|Any CPU
		{1BFE9684-BBB7-4319-B172-7943E5C39971}.AppStore|iPhone.ActiveCfg = Release|Any CPU
		{1BFE9684-BBB7-4319-B172-7943E5C39971}.AppStore|iPhoneSimulator.ActiveCfg = Release|Any CPU
		{1BFE9684-BBB7-4319-B172-7943E5C39971}.AppStore|Mixed Platforms.ActiveCfg = Release|Any CPU
		{1BFE9684-BBB7-4319-B172-7943E5C39971}.AppStore|Mixed Platforms.Build.0 = Release|Any CPU
		{1BFE9684-BBB7-4319-B172-7943E5C39971}.Debug|Any CPU.ActiveCfg = Debug|Any CPU
		{1BFE9684-BBB7-4319-B172-7943E5C39971}.Debug|Any CPU.Build.0 = Debug|Any CPU
		{1BFE9684-BBB7-4319-B172-7943E5C39971}.Debug|iPhone.ActiveCfg = Debug|Any CPU
		{1BFE9684-BBB7-4319-B172-7943E5C39971}.Debug|iPhone.Build.0 = Debug|Any CPU
		{1BFE9684-BBB7-4319-B172-7943E5C39971}.Debug|iPhoneSimulator.ActiveCfg = Debug|Any CPU
		{1BFE9684-BBB7-4319-B172-7943E5C39971}.Debug|Mixed Platforms.ActiveCfg = Debug|Any CPU
		{1BFE9684-BBB7-4319-B172-7943E5C39971}.Debug|Mixed Platforms.Build.0 = Debug|Any CPU
		{1BFE9684-BBB7-4319-B172-7943E5C39971}.Release|Any CPU.ActiveCfg = Release|Any CPU
		{1BFE9684-BBB7-4319-B172-7943E5C39971}.Release|Any CPU.Build.0 = Release|Any CPU
		{1BFE9684-BBB7-4319-B172-7943E5C39971}.Release|iPhone.ActiveCfg = Release|Any CPU
		{1BFE9684-BBB7-4319-B172-7943E5C39971}.Release|iPhone.Build.0 = Release|Any CPU
		{1BFE9684-BBB7-4319-B172-7943E5C39971}.Release|iPhoneSimulator.ActiveCfg = Release|Any CPU
		{1BFE9684-BBB7-4319-B172-7943E5C39971}.Release|Mixed Platforms.ActiveCfg = Release|Any CPU
		{1BFE9684-BBB7-4319-B172-7943E5C39971}.Release|Mixed Platforms.Build.0 = Release|Any CPU
	EndGlobalSection
	GlobalSection(SolutionProperties) = preSolution
		HideSolutionNode = FALSE
	EndGlobalSection
EndGlobal
